github.com/gekorob/simplist v0.0.0-20190217085730-4a4490e7f636 h1:kItCJpJQMVXey9wEuuj8tZjOcNMhpTlUM0zvYZYiVJw=
github.com/gekorob/simplist v0.0.0-20190217085730-4a4490e7f636/go.mod h1:J8x8H0dhLrlzzw3P5nQ5+vwPJBx5/jc0ytiqjEfSEjY=
github.com/gekorob/simplist v0.1.0 h1:CZDoLG8/JYL5CEgtheg+bryvm8VWP4yyF3vq41oJD2s=
github.com/gekorob/simplist v0.1.0/go.mod h1:J8x8H0dhLrlzzw3P5nQ5+vwPJBx5/jc0ytiqjEfSEjY=
github.com/gekorob/simplist v0.2.0 h1:hd4As+Uu36SpM0QVpRlz4sPqRszvK+FxpdLm5EKgaLw=
github.com/gekorob/simplist v0.2.0/go.mod h1:J8x8H0dhLrlzzw3P5nQ5+vwPJBx5/jc0ytiqjEfSEjY=
